
Microsoft Visual Studio Solution File, Format Version 11.00
# Visual Studio 2010
Project("{FAE04EC0-301F-11D3-BF4B-00C04F79EFBC}") = "SoundManager", "SoundManager\SoundManager.csproj", "{9EAE6B62-AADA-43C6-ADAB-4A48A46DAF6E}"
EndProject
Project("{FAE04EC0-301F-11D3-BF4B-00C04F79EFBC}") = "SoundManagerBg", "SoundManagerBg\SoundManagerBg.csproj", "{3C64EAF2-9E19-4CF2-8AC0-1E318BA26305}"
EndProject
Global
	GlobalSection(SolutionConfigurationPlatforms) = preSolution
		Debug|x64 = Debug|x64
		Release|x64 = Release|x64
	EndGlobalSection
	GlobalSection(ProjectConfigurationPlatforms) = postSolution
		{9EAE6B62-AADA-43C6-ADAB-4A48A46DAF6E}.Debug|x64.ActiveCfg = Debug|x64
		{9EAE6B62-AADA-43C6-ADAB-4A48A46DAF6E}.Debug|x64.Build.0 = Debug|x64
		{9EAE6B62-AADA-43C6-ADAB-4A48A46DAF6E}.Release|x64.ActiveCfg = Release|x64
		{9EAE6B62-AADA-43C6-ADAB-4A48A46DAF6E}.Release|x64.Build.0 = Release|x64
		{3C64EAF2-9E19-4CF2-8AC0-1E318BA26305}.Debug|x64.ActiveCfg = Debug|x64
		{3C64EAF2-9E19-4CF2-8AC0-1E318BA26305}.Debug|x64.Build.0 = Debug|x64
		{3C64EAF2-9E19-4CF2-8AC0-1E318BA26305}.Release|x64.ActiveCfg = Release|x64
		{3C64EAF2-9E19-4CF2-8AC0-1E318BA26305}.Release|x64.Build.0 = Release|x64
	EndGlobalSection
	GlobalSection(SolutionProperties) = preSolution
		HideSolutionNode = FALSE
	EndGlobalSection
EndGlobal
